lockfileVersion: 5.3

importers:

  .:
    specifiers: {}

  packages:

    specifiers:
      lodash-es: ^4.17.21

    dependencies:
      lodash-es: 4.17.21

packages:

  /lodash-es/4.17.21:
    resolution: {integrity: sha512-mKnC+QJ9pWVzv+C4/U3rRsHapFfHvQFoFB92e52xeyGMcX6/OlIl78je1u8vePzYZSkkogMPJ2yjxxsb89cxyw==}
    dev: false
