# This file is automatically @generated by Cargo.
# It is not intended for manual editing.
version = 4

[[package]]
name = "adler2"
version = "2.0.1"
source = "registry+https://github.com/rust-lang/crates.io-index"
checksum = "320119579fcad9c21884f5c4861d16174d0e06250625266f50fe6898340abefa"

[[package]]
name = "allocator-api2"
version = "0.2.21"
source = "registry+https://github.com/rust-lang/crates.io-index"
checksum = "683d7910e743518b0e34f1186f92494becacb047c7b6bf616c96772180fef923"

[[package]]
name = "arc-swap"
version = "1.9.2"
source = "registry+https://github.com/rust-lang/crates.io-index"
checksum = "c049c0be4daef0b145cb3555416b3b8ef5b7888a38aea1a3a155801fe7b0810b"
dependencies = [
 "rustversion",
]

[[package]]
name = "async-trait"
version = "0.1.92"
source = "registry+https://github.com/rust-lang/crates.io-index"
checksum = "82f6aeea286b8eb4dd3431a1be1b59d290ace00f5bfd8e2a159bc2a05e2c1667"
dependencies = [
 "proc-macro2",
 "quote",
 "syn 3.0.3",
]

[[package]]
name = "autocfg"
version = "1.5.1"
source = "registry+https://github.com/rust-lang/crates.io-index"
checksum = "f2032f911046de80f0a198e0901378627c33f59ea0ac00e363d481118bd70a53"

[[package]]
name = "bitflags"
version = "2.13.1"
source = "registry+https://github.com/rust-lang/crates.io-index"
checksum = "b588b76d00fde79687d7646a9b5bdf3cc0f655e0bbd080335a95d7e96f3587da"

[[package]]
name = "byteorder"
version = "1.5.0"
source = "registry+https://github.com/rust-lang/crates.io-index"
checksum = "1fd0f2584146f6f2ef48085050886acf353beff7305ebd1ae69500e27c67f64b"

[[package]]
name = "cfg-if"
version = "1.0.4"
source = "registry+https://github.com/rust-lang/crates.io-index"
checksum = "9330f8b2ff13f34540b44e946ef35111825727b38d33286ef986142615121801"

[[package]]
name = "concurrent_lru"
version = "0.2.0"
source = "registry+https://github.com/rust-lang/crates.io-index"
checksum = "7feb5cb312f774e8a24540e27206db4e890f7d488563671d24a16389cf4c2e4e"
dependencies = [
 "once_cell",
]

[[package]]
name = "crossbeam-utils"
version = "0.8.22"
source = "registry+https://github.com/rust-lang/crates.io-index"
checksum = "61803da095bee82a81bb1a452ecc25d3b2f1416d1897eb86430c6159ef717c17"

[[package]]
name = "dashmap"
version = "6.2.1"
source = "registry+https://github.com/rust-lang/crates.io-index"
checksum = "e6361d5c062261c78a176addb82d4c821ae42bed6089de0e12603cd25de2059c"
dependencies = [
 "cfg-if",
 "crossbeam-utils",
 "hashbrown 0.14.5",
 "lock_api",
 "once_cell",
 "parking_lot_core",
]

[[package]]
name = "dunce"
version = "1.0.5"
source = "registry+https://github.com/rust-lang/crates.io-index"
checksum = "92773504d58c093f6de2459af4af33faa518c13451eb8f2b5698ed3d36e7c813"

[[package]]
name = "endian-type"
version = "0.2.0"
source = "registry+https://github.com/rust-lang/crates.io-index"
checksum = "869b0adbda23651a9c5c0c3d270aac9fcb52e8622a8f2b17e57802d7791962f2"

[[package]]
name = "equivalent"
version = "1.0.2"
source = "registry+https://github.com/rust-lang/crates.io-index"
checksum = "877a4ace8713b0bcf2a4e7eec82529c029f1d0619886d18145fea96c3ffe5c0f"

[[package]]
name = "flate2"
version = "1.1.9"
source = "registry+https://github.com/rust-lang/crates.io-index"
checksum = "843fba2746e448b37e26a819579957415c8cef339bf08564fe8b7ddbd959573c"
dependencies = [
 "miniz_oxide",
 "zlib-rs",
]

[[package]]
name = "float-cmp"
version = "0.10.0"
source = "registry+https://github.com/rust-lang/crates.io-index"
checksum = "b09cf3155332e944990140d967ff5eceb70df778b34f77d8075db46e4704e6d8"
dependencies = [
 "num-traits",
]

[[package]]
name = "foldhash"
version = "0.2.0"
source = "registry+https://github.com/rust-lang/crates.io-index"
checksum = "77ce24cb58228fbb8aa041425bb1050850ac19177686ea6e0f41a70416f56fdb"

[[package]]
name = "futures"
version = "0.3.33"
source = "registry+https://github.com/rust-lang/crates.io-index"
checksum = "a88cf1f829d945f548cf8fec32c61b1f202b6d93b45848602fc02af4b12ad218"
dependencies = [
 "futures-channel",
 "futures-core",
 "futures-executor",
 "futures-io",
 "futures-sink",
 "futures-task",
 "futures-util",
]

[[package]]
name = "futures-channel"
version = "0.3.33"
source = "registry+https://github.com/rust-lang/crates.io-index"
checksum = "262590f4fe6afeb0bc83be1daa64e52657fe185690a958af7f3ad0e92085c5ae"
dependencies = [
 "futures-core",
 "futures-sink",
]

[[package]]
name = "futures-core"
version = "0.3.33"
source = "registry+https://github.com/rust-lang/crates.io-index"
checksum = "2cd50c473c80f6d7c3670a752354b8e569b1a7cbfdc0419ec88e5edad85e0dc7"

[[package]]
name = "futures-executor"
version = "0.3.33"
source = "registry+https://github.com/rust-lang/crates.io-index"
checksum = "6754879cc9f2c66f88c6e5c35344bb0bdb0708b0352b1201815667c7eabc7458"
dependencies = [
 "futures-core",
 "futures-task",
 "futures-util",
]

[[package]]
name = "futures-io"
version = "0.3.33"
source = "registry+https://github.com/rust-lang/crates.io-index"
checksum = "4577ecaa3c4f96589d473f679a71b596316f6641bc350038b962a5daf0085d7a"

[[package]]
name = "futures-macro"
version = "0.3.33"
source = "registry+https://github.com/rust-lang/crates.io-index"
checksum = "2d6d3cde68c518367be28956066ddfef33813991b77a55005a69dae04bf3b10b"
dependencies = [
 "proc-macro2",
 "quote",
 "syn 2.0.119",
]

[[package]]
name = "futures-sink"
version = "0.3.33"
source = "registry+https://github.com/rust-lang/crates.io-index"
checksum = "e34418ac499d6305c2fb5ad0ed2f6ac998c5f8ca209b4510f7f94242c647e307"

[[package]]
name = "futures-task"
version = "0.3.33"
source = "registry+https://github.com/rust-lang/crates.io-index"
checksum = "b231ed28831efb4a61a08580c4bc233ec56bc009f4cd8f52da2c3cb97df0c109"

[[package]]
name = "futures-util"
version = "0.3.33"
source = "registry+https://github.com/rust-lang/crates.io-index"
checksum = "a77a90a256fce34da66415271e30f94ee91c57b04b8a2c042d9cf3220179deaa"
dependencies = [
 "futures-channel",
 "futures-core",
 "futures-io",
 "futures-macro",
 "futures-sink",
 "futures-task",
 "memchr",
 "pin-project-lite",
 "slab",
]

[[package]]
name = "halfbrown"
version = "0.4.0"
source = "registry+https://github.com/rust-lang/crates.io-index"
checksum = "0c7ed2f2edad8a14c8186b847909a41fbb9c3eafa44f88bd891114ed5019da09"
dependencies = [
 "hashbrown 0.16.1",
 "serde",
]

[[package]]
name = "hashbrown"
version = "0.14.5"
source = "registry+https://github.com/rust-lang/crates.io-index"
checksum = "e5274423e17b7c9fc20b6e7e208532f9b19825d82dfd615708b70edd83df41f1"

[[package]]
name = "hashbrown"
version = "0.16.1"
source = "registry+https://github.com/rust-lang/crates.io-index"
checksum = "841d1cc9bed7f9236f321df977030373f4a4163ae1a7dbfe1a51a2c1a51d9100"
dependencies = [
 "allocator-api2",
 "equivalent",
 "foldhash",
]

[[package]]
name = "hashbrown"
version = "0.17.1"
source = "registry+https://github.com/rust-lang/crates.io-index"
checksum = "ed5909b6e89a2db4456e54cd5f673791d7eca6732202bbf2a9cc504fe2f9b84a"

[[package]]
name = "indexmap"
version = "2.14.0"
source = "registry+https://github.com/rust-lang/crates.io-index"
checksum = "d466e9454f08e4a911e14806c24e16fba1b4c121d1ea474396f396069cf949d9"
dependencies = [
 "equivalent",
 "hashbrown 0.17.1",
 "serde",
 "serde_core",
]

[[package]]
name = "issue-15021-resolver-memory"
version = "0.0.0"
dependencies = [
 "libc",
 "rspack_resolver 0.8.0",
 "rspack_resolver 0.9.1",
 "tokio",
]

[[package]]
name = "itoa"
version = "1.0.18"
source = "registry+https://github.com/rust-lang/crates.io-index"
checksum = "8f42a60cbdf9a97f5d2305f08a87dc4e09308d1276d28c869c684d7777685682"

[[package]]
name = "json-strip-comments"
version = "3.1.2"
source = "registry+https://github.com/rust-lang/crates.io-index"
checksum = "01ed659c5f428031b9c1fb7de6729af2eb491654d4bcd416a5b5b704986b9658"
dependencies = [
 "memchr",
]

[[package]]
name = "libc"
version = "0.2.189"
source = "registry+https://github.com/rust-lang/crates.io-index"
checksum = "3eaf3ede3fee6db1a4c2ee091bf8a8b4dccdc6d17f656fb07896ee72867612f2"

[[package]]
name = "lock_api"
version = "0.4.14"
source = "registry+https://github.com/rust-lang/crates.io-index"
checksum = "224399e74b87b5f3557511d98dff8b14089b3dadafcab6bb93eab67d3aace965"
dependencies = [
 "scopeguard",
]

[[package]]
name = "memchr"
version = "2.8.3"
source = "registry+https://github.com/rust-lang/crates.io-index"
checksum = "cf8baf1c55e62ffcace7a9f06f4bd9cd3f0c4beb022d3b367256b91b87513d98"

[[package]]
name = "miniz_oxide"
version = "0.8.9"
source = "registry+https://github.com/rust-lang/crates.io-index"
checksum = "1fa76a2c86f704bdb222d66965fb3d63269ce38518b83cb0575fca855ebb6316"
dependencies = [
 "adler2",
 "simd-adler32",
]

[[package]]
name = "nibble_vec"
version = "0.1.0"
source = "registry+https://github.com/rust-lang/crates.io-index"
checksum = "77a5d83df9f36fe23f0c3648c6bbb8b0298bb5f1939c8f2704431371f4b84d43"
dependencies = [
 "smallvec",
]

[[package]]
name = "nodejs-built-in-modules"
version = "1.0.0"
source = "registry+https://github.com/rust-lang/crates.io-index"
checksum = "a5eb86a92577833b75522336f210c49d9ebd7dd55a44d80a92e68c668a75f27c"

[[package]]
name = "num-traits"
version = "0.2.19"
source = "registry+https://github.com/rust-lang/crates.io-index"
checksum = "071dfc062690e90b734c0b2273ce72ad0ffa95f0c74596bc250dcfd960262841"
dependencies = [
 "autocfg",
]

[[package]]
name = "once_cell"
version = "1.21.4"
source = "registry+https://github.com/rust-lang/crates.io-index"
checksum = "9f7c3e4beb33f85d45ae3e3a1792185706c8e16d043238c593331cc7cd313b50"

[[package]]
name = "parking_lot_core"
version = "0.9.12"
source = "registry+https://github.com/rust-lang/crates.io-index"
checksum = "2621685985a2ebf1c516881c026032ac7deafcda1a2c9b7850dc81e3dfcb64c1"
dependencies = [
 "cfg-if",
 "libc",
 "redox_syscall",
 "smallvec",
 "windows-link",
]

[[package]]
name = "pathdiff"
version = "0.2.3"
source = "registry+https://github.com/rust-lang/crates.io-index"
checksum = "df94ce210e5bc13cb6651479fa48d14f601d9858cfe0467f43ae157023b938d3"

[[package]]
name = "pin-project-lite"
version = "0.2.17"
source = "registry+https://github.com/rust-lang/crates.io-index"
checksum = "a89322df9ebe1c1578d689c92318e070967d1042b512afbe49518723f4e6d5cd"

[[package]]
name = "pnp"
version = "0.12.11"
source = "registry+https://github.com/rust-lang/crates.io-index"
checksum = "e57281b9cdf635e68b57fc347e213b413f099d57cdd708182d5e759418d41485"
dependencies = [
 "byteorder",
 "concurrent_lru",
 "flate2",
 "indexmap",
 "nodejs-built-in-modules",
 "pathdiff",
 "radix_trie",
 "regress",
 "rustc-hash",
 "serde",
 "serde_json",
 "thiserror",
]

[[package]]
name = "proc-macro2"
version = "1.0.107"
source = "registry+https://github.com/rust-lang/crates.io-index"
checksum = "985e7ec9bb745e6ce6535b544d84d6cd6f7ad8bd711c398938ae983b91a766d9"
dependencies = [
 "unicode-ident",
]

[[package]]
name = "quote"
version = "1.0.47"
source = "registry+https://github.com/rust-lang/crates.io-index"
checksum = "1fbf4db142a473a8d80c26bbf18454ed458bf8d26c8219c331daecfdbd079001"
dependencies = [
 "proc-macro2",
]

[[package]]
name = "radix_trie"
version = "0.3.0"
source = "registry+https://github.com/rust-lang/crates.io-index"
checksum = "3b4431027dcd37fc2a73ef740b5f233aa805897935b8bce0195e41bbf9a3289a"
dependencies = [
 "endian-type",
 "nibble_vec",
]

[[package]]
name = "redox_syscall"
version = "0.5.18"
source = "registry+https://github.com/rust-lang/crates.io-index"
checksum = "ed2bf2547551a7053d6fdfafda3f938979645c44812fbfcda098faae3f1a362d"
dependencies = [
 "bitflags",
]

[[package]]
name = "ref-cast"
version = "1.0.26"
source = "registry+https://github.com/rust-lang/crates.io-index"
checksum = "216e8f773d7923bcba9ceb86a86c93cabb3903a11872fc3f138c49630e50b96d"
dependencies = [
 "ref-cast-impl",
]

[[package]]
name = "ref-cast-impl"
version = "1.0.26"
source = "registry+https://github.com/rust-lang/crates.io-index"
checksum = "2c9283685feec7d69af75fb0e858d5e7378f33fe4fc699383b2916ab9273e03c"
dependencies = [
 "proc-macro2",
 "quote",
 "syn 3.0.3",
]

[[package]]
name = "regress"
version = "0.11.1"
source = "registry+https://github.com/rust-lang/crates.io-index"
checksum = "158a764437582235e3501f683b93a0a6f8d825d04a789dbe5ed30b8799b8908a"
dependencies = [
 "hashbrown 0.16.1",
 "memchr",
]

[[package]]
name = "rspack_resolver"
version = "0.8.0"
source = "registry+https://github.com/rust-lang/crates.io-index"
checksum = "606bcaac4a8be081bf58ae173408ec104c89e0eb90196f9b91aeda30bd2f6365"
dependencies = [
 "arc-swap",
 "async-trait",
 "cfg-if",
 "dashmap",
 "dunce",
 "futures",
 "indexmap",
 "json-strip-comments",
 "pnp",
 "rustc-hash",
 "serde",
 "serde_json",
 "simd-json",
 "thiserror",
 "tokio",
 "tracing",
]

[[package]]
name = "rspack_resolver"
version = "0.9.1"
source = "registry+https://github.com/rust-lang/crates.io-index"
checksum = "e4f80a6b1268eb712e1a030e7a86ed9b3f0a9ac4f14780c2efc20e4e3a050931"
dependencies = [
 "arc-swap",
 "async-trait",
 "cfg-if",
 "dashmap",
 "dunce",
 "futures",
 "indexmap",
 "json-strip-comments",
 "pnp",
 "rustc-hash",
 "serde",
 "serde_json",
 "simd-json",
 "thiserror",
 "tokio",
 "tracing",
]

[[package]]
name = "rustc-hash"
version = "2.1.3"
source = "registry+https://github.com/rust-lang/crates.io-index"
checksum = "6b1e7f9a428571be2dc5bc0505c13fb6bf936822b894ec87abf8a08a4e51742d"

[[package]]
name = "rustversion"
version = "1.0.23"
source = "registry+https://github.com/rust-lang/crates.io-index"
checksum = "cf54715a573b99ac80df0bc206da022bcd442c974952c7b9720069370852e21f"

[[package]]
name = "ryu"
version = "1.0.23"
source = "registry+https://github.com/rust-lang/crates.io-index"
checksum = "9774ba4a74de5f7b1c1451ed6cd5285a32eddb5cccb8cc655a4e50009e06477f"

[[package]]
name = "scopeguard"
version = "1.2.0"
source = "registry+https://github.com/rust-lang/crates.io-index"
checksum = "94143f37725109f92c262ed2cf5e59bce7498c01bcc1502d7b9afe439a4e9f49"

[[package]]
name = "serde"
version = "1.0.229"
source = "registry+https://github.com/rust-lang/crates.io-index"
checksum = "4148590afebada386688f18773da617792bf2ef03ffc1e4cbd2b1d45b023e0ba"
dependencies = [
 "serde_core",
 "serde_derive",
]

[[package]]
name = "serde_core"
version = "1.0.229"
source = "registry+https://github.com/rust-lang/crates.io-index"
checksum = "67dca2c9c51e58a4791a4b1ed58308b39c64224d349a935ab5039aa360942a48"
dependencies = [
 "serde_derive",
]

[[package]]
name = "serde_derive"
version = "1.0.229"
source = "registry+https://github.com/rust-lang/crates.io-index"
checksum = "e7a5d71263a5a7d47b41f6b3f06ba276f10cc18b0931f1799f710578e2309348"
dependencies = [
 "proc-macro2",
 "quote",
 "syn 3.0.3",
]

[[package]]
name = "serde_json"
version = "1.0.151"
source = "registry+https://github.com/rust-lang/crates.io-index"
checksum = "c841b55ecdae098c80dcae9cf767f6f8a0c2cdb3416bbef72181df4d0fe73f14"
dependencies = [
 "indexmap",
 "itoa",
 "memchr",
 "serde",
 "serde_core",
 "zmij",
]

[[package]]
name = "simd-adler32"
version = "0.3.10"
source = "registry+https://github.com/rust-lang/crates.io-index"
checksum = "3a219298ac11a56ea9a6d2120044824d6f01aeb034955e7af7bc16858527deea"

[[package]]
name = "simd-json"
version = "0.17.3"
source = "registry+https://github.com/rust-lang/crates.io-index"
checksum = "e32d7ab2678282d21e53374fbead7119b7eacbede73685dcaac472870a29a11c"
dependencies = [
 "halfbrown",
 "ref-cast",
 "serde",
 "serde_json",
 "simdutf8",
 "value-trait",
]

[[package]]
name = "simdutf8"
version = "0.1.5"
source = "registry+https://github.com/rust-lang/crates.io-index"
checksum = "e3a9fe34e3e7a50316060351f37187a3f546bce95496156754b601a5fa71b76e"

[[package]]
name = "slab"
version = "0.4.12"
source = "registry+https://github.com/rust-lang/crates.io-index"
checksum = "0c790de23124f9ab44544d7ac05d60440adc586479ce501c1d6d7da3cd8c9cf5"

[[package]]
name = "smallvec"
version = "1.15.2"
source = "registry+https://github.com/rust-lang/crates.io-index"
checksum = "8ed6a63f02c8539c91a8685a86f4099661ba3da017932f6ebbea6de3f0fa7c90"

[[package]]
name = "syn"
version = "2.0.119"
source = "registry+https://github.com/rust-lang/crates.io-index"
checksum = "872831b642d1a07999a962a351ed35b955ea2cfc8f3862091e2a240a84f17297"
dependencies = [
 "proc-macro2",
 "quote",
 "unicode-ident",
]

[[package]]
name = "syn"
version = "3.0.3"
source = "registry+https://github.com/rust-lang/crates.io-index"
checksum = "53e9bae58849f64dfa4f5d5ae372c8341f7305f82a3868709269343628b659a3"
dependencies = [
 "proc-macro2",
 "quote",
 "unicode-ident",
]

[[package]]
name = "thiserror"
version = "2.0.20"
source = "registry+https://github.com/rust-lang/crates.io-index"
checksum = "ec86235f5fcc2a73650310756d2ac5b138a5780bbbdfae3eeccec992c435ba4f"
dependencies = [
 "thiserror-impl",
]

[[package]]
name = "thiserror-impl"
version = "2.0.20"
source = "registry+https://github.com/rust-lang/crates.io-index"
checksum = "bc04cd3e1236dd4a98afca4569f2deb3f120e5422a4023be2cb683f8486292af"
dependencies = [
 "proc-macro2",
 "quote",
 "syn 3.0.3",
]

[[package]]
name = "tokio"
version = "1.53.1"
source = "registry+https://github.com/rust-lang/crates.io-index"
checksum = "202caea871b69668250d242070849eb495be178ed697a3e98aebce5bc81a0bed"
dependencies = [
 "pin-project-lite",
 "tokio-macros",
]

[[package]]
name = "tokio-macros"
version = "2.7.2"
source = "registry+https://github.com/rust-lang/crates.io-index"
checksum = "78773a2a397f451582ce068015985c33193cf6dea8b74d2a639fe457b2f07b0e"
dependencies = [
 "proc-macro2",
 "quote",
 "syn 3.0.3",
]

[[package]]
name = "tracing"
version = "0.1.44"
source = "registry+https://github.com/rust-lang/crates.io-index"
checksum = "63e71662fa4b2a2c3a26f570f037eb95bb1f85397f3cd8076caed2f026a6d100"
dependencies = [
 "pin-project-lite",
 "tracing-attributes",
 "tracing-core",
]

[[package]]
name = "tracing-attributes"
version = "0.1.31"
source = "registry+https://github.com/rust-lang/crates.io-index"
checksum = "7490cfa5ec963746568740651ac6781f701c9c5ea257c58e057f3ba8cf69e8da"
dependencies = [
 "proc-macro2",
 "quote",
 "syn 2.0.119",
]

[[package]]
name = "tracing-core"
version = "0.1.36"
source = "registry+https://github.com/rust-lang/crates.io-index"
checksum = "db97caf9d906fbde555dd62fa95ddba9eecfd14cb388e4f491a66d74cd5fb79a"
dependencies = [
 "once_cell",
]

[[package]]
name = "unicode-ident"
version = "1.0.24"
source = "registry+https://github.com/rust-lang/crates.io-index"
checksum = "e6e4313cd5fcd3dad5cafa179702e2b244f760991f45397d14d4ebf38247da75"

[[package]]
name = "value-trait"
version = "0.12.2"
source = "registry+https://github.com/rust-lang/crates.io-index"
checksum = "f3f4b4a98dfe54bc9ed3641af7ffcb837240269627dbd5cb047d13daa39736cc"
dependencies = [
 "float-cmp",
 "halfbrown",
 "itoa",
 "ryu",
]

[[package]]
name = "windows-link"
version = "0.2.1"
source = "registry+https://github.com/rust-lang/crates.io-index"
checksum = "f0805222e57f7521d6a62e36fa9163bc891acd422f971defe97d64e70d0a4fe5"

[[package]]
name = "zlib-rs"
version = "0.6.7"
source = "registry+https://github.com/rust-lang/crates.io-index"
checksum = "34b31d188d9d685a4f9c7b46d6e36631b07058d2cfe190267adce54dc230bf12"

[[package]]
name = "zmij"
version = "1.0.23"
source = "registry+https://github.com/rust-lang/crates.io-index"
checksum = "29666d0abbfad1e3dc4dcf6144730dd3a3ab225bbbdac83319345b1b44ccfc1b"
