# This file is generated by running "yarn install" inside your project.
# Manual changes might be lost - proceed with caution!

__metadata:
  version: 6
  cacheKey: 8

"rspack-pnp-test@workspace:.":
  version: 0.0.0-use.local
  resolution: "rspack-pnp-test@workspace:."
  dependencies:
    the-answer: 1.0.0
  languageName: unknown
  linkType: soft

"the-answer@npm:1.0.0":
  version: 1.0.0
  resolution: "the-answer@npm:1.0.0"
  checksum: 5870a78be9e15125cba35f04655c02b5bd859d8d5ad075bfc1b20270a3a0dd76717f4aaa1fc6b8ac7bb8da3f3222acc0276b25f8cd265fa76efdafe04f72a4c1
  languageName: node
  linkType: hard
