# This file is generated by running "yarn install" inside your project.
# Manual changes might be lost - proceed with caution!

__metadata:
  version: 8
  cacheKey: 10c0

"rspack-pnp-enable@workspace:.":
  version: 0.0.0-use.local
  resolution: "rspack-pnp-enable@workspace:."
  dependencies:
    the-answer: "npm:1.0.0"
  languageName: unknown
  linkType: soft

"the-answer@npm:1.0.0":
  version: 1.0.0
  resolution: "the-answer@npm:1.0.0"
  checksum: 10c0/05658ff6b4ac74fdee78621e279e1c7518574b277c0d3c41f56fb8320455a8e1dd60817fcf9046d206b15971eeaea44ce27e34b0491bac2907fa0ef56b8f3afb
  languageName: node
  linkType: hard
