lockfileVersion: 5.3

specifiers:
  '@speedy-js/speedy-core': 0.13.0

devDependencies:
  '@speedy-js/speedy-core': 0.13.0

packages:

  /@prebundle/detect-port/1.3.1:
    resolution: {integrity: sha512-z8sg6hMTKj+ZrbYtn10cXqSLpR9tMa6jwKE9ObbI94wy+QKRR4/hHwIP9QEwk81NivMKvSc9wxvKfLEOtaMxQA==}
    dev: true

  /@speedy-js/esbuild-android-64/0.14.28-speedy-1:
    resolution: {integrity: sha512-cHpg+EuaaPCXFx7hCumxxPTHLbxDuGSc0nEju6eGFV9j1KglqY8TRRstcPhZCZVS9nM/vBQu5LBjsa5HPmi1iA==}
    engines: {node: '>=12'}
    cpu: [x64]
    os: [android]
    requiresBuild: true
    dev: true
    optional: true

  /@speedy-js/esbuild-android-arm64/0.14.28-speedy-1:
    resolution: {integrity: sha512-w9hZYFgfznIg1olZuXKJij8Q2MjCCajKKo5YXNT99OZpbQqdDmbC1v+Y/6a+bFiYV/p9t1pK4Pb5cp98OuzBlg==}
    engines: {node: '>=12'}
    cpu: [arm64]
    os: [android]
    requiresBuild: true
    dev: true
    optional: true

  /@speedy-js/esbuild-darwin-64/0.14.28-speedy-1:
    resolution: {integrity: sha512-NYga2G7OuJmra/eXkbjr845DP66D5jS9n/VL7dlCvMfgJllxxJV2rwduyVB/CliBoHDq/jngVDYEstpsZ7ozHg==}
    engines: {node: '>=12'}
    cpu: [x64]
    os: [darwin]
    requiresBuild: true
    dev: true
    optional: true

  /@speedy-js/esbuild-darwin-arm64/0.14.28-speedy-1:
    resolution: {integrity: sha512-R1LZR+m1qC07R5TCl5IUmBng/bqUTHEAqw+DDqn2MbpIfL3zqjOVyx2noQqlJqG1Y7Had0rtB2og4NNG9T2NpQ==}
    engines: {node: '>=12'}
    cpu: [arm64]
    os: [darwin]
    requiresBuild: true
    dev: true
    optional: true

  /@speedy-js/esbuild-freebsd-64/0.14.28-speedy-1:
    resolution: {integrity: sha512-2f32AjLlDnh3fQO5+EFUyADtTqSdNoRlDEkI6+vJd1TV262MKwfbPJDZuDsY+/IuXEHIRWRrp7DNP/oibFmlKA==}
    engines: {node: '>=12'}
    cpu: [x64]
    os: [freebsd]
    requiresBuild: true
    dev: true
    optional: true

  /@speedy-js/esbuild-freebsd-arm64/0.14.28-speedy-1:
    resolution: {integrity: sha512-Hf4Juvd6bOOVb1eHO7EyjUY6aRLUdH3+sVbJxMi+9pZMKnAMmp2Y9H2ONcZp7wFwdp6bp5slk2me0duZcZNl0g==}
    engines: {node: '>=12'}
    cpu: [arm64]
    os: [freebsd]
    requiresBuild: true
    dev: true
    optional: true

  /@speedy-js/esbuild-linux-32/0.14.28-speedy-1:
    resolution: {integrity: sha512-qb+hoyu+ZWy4CDrhcczrWWuo7xOh6ck1s0QhN3rg1+A0hrsk+2QEJdorY8UId/xNwXuxxYGehsKd+eD63e6QOA==}
    engines: {node: '>=12'}
    cpu: [ia32]
    os: [linux]
    requiresBuild: true
    dev: true
    optional: true

  /@speedy-js/esbuild-linux-64/0.14.28-speedy-1:
    resolution: {integrity: sha512-5OHR2uigqZXwsAtfkp+V6/WNVa1niw3m7jphrnk9S+tL2uQIPWQaewylSXm+jqGjFtGZorUtAxSFyRsto77MWA==}
    engines: {node: '>=12'}
    cpu: [x64]
    os: [linux]
    requiresBuild: true
    dev: true
    optional: true

  /@speedy-js/esbuild-linux-arm/0.14.28-speedy-1:
    resolution: {integrity: sha512-Zg94wzkUEAJQy+wQAKb5wZxE9xBgeiKLvW/gjT6a7O9upzP0jeeFfnFN+siH5vohuISzqNbKkAGCorCVfqOuDg==}
    engines: {node: '>=12'}
    cpu: [arm]
    os: [linux]
    requiresBuild: true
    dev: true
    optional: true

  /@speedy-js/esbuild-linux-arm64/0.14.28-speedy-1:
    resolution: {integrity: sha512-G8XCwmkMZ3OBe3qM4jdOJOag3Mdu7xcC8m39gPD6Z+Jb6nh5w+CGV3jYSE4MaGUmUNXKFeMoCzYJ2EFeH/T6CQ==}
    engines: {node: '>=12'}
    cpu: [arm64]
    os: [linux]
    requiresBuild: true
    dev: true
    optional: true

  /@speedy-js/esbuild-linux-mips64le/0.14.28-speedy-1:
    resolution: {integrity: sha512-0yHn2roEbqy4nAOa1cgGYP0SAaZFO+QG0AyIB8CDg9kIlq83pnXKV9jyP999Cw2cZv+QzW02yJpGg+0JKy2+nQ==}
    engines: {node: '>=12'}
    cpu: [mips64el]
    os: [linux]
    requiresBuild: true
    dev: true
    optional: true

  /@speedy-js/esbuild-linux-ppc64le/0.14.28-speedy-1:
    resolution: {integrity: sha512-OcSrnosGIyhWHBwu0CI3E4fCsYsK8iQTvA0MK/FL+U03SUFvCYTVCVLTYx6fd0AbIYdvj7R1BwQsdFrDYPJA8w==}
    engines: {node: '>=12'}
    cpu: [ppc64]
    os: [linux]
    requiresBuild: true
    dev: true
    optional: true

  /@speedy-js/esbuild-linux-riscv64/0.14.28-speedy-1:
    resolution: {integrity: sha512-u0be4rRJyqAiVstTvCFw0XNS1bMZW5wwZDwan7K1mXv1J+IfkQCF09D9fPiFOfwlRJ4MfNkn0cRdv1aPtY+gcQ==}
    engines: {node: '>=12'}
    cpu: [riscv64]
    os: [linux]
    requiresBuild: true
    dev: true
    optional: true

  /@speedy-js/esbuild-linux-s390x/0.14.28-speedy-1:
    resolution: {integrity: sha512-QGDXRuF/cIJa12C2mhVnitYcuT8N/uEDbPrEUrKvzEODpgUAmMET9eOHRnnbo5UpIHRtExgx+6FVod0qr4VEJg==}
    engines: {node: '>=12'}
    cpu: [s390x]
    os: [linux]
    requiresBuild: true
    dev: true
    optional: true

  /@speedy-js/esbuild-netbsd-64/0.14.28-speedy-1:
    resolution: {integrity: sha512-7S3/racKQInHA9WNhZfP/aps4csYusOpekxt9A1adL7Wb+T11UjZ/BEp4ArnOMeebuAfQtTZtchzTjDndn2WeQ==}
    engines: {node: '>=12'}
    cpu: [x64]
    os: [netbsd]
    requiresBuild: true
    dev: true
    optional: true

  /@speedy-js/esbuild-openbsd-64/0.14.28-speedy-1:
    resolution: {integrity: sha512-YKdIMat5ydTlX+DVAvumUSqV5NOzSzbRnqV+OZqpiXKSBHzxWEbGpXSnKgpy1xkWW7V2KdVeCax1Ig3L8eC0Aw==}
    engines: {node: '>=12'}
    cpu: [x64]
    os: [openbsd]
    requiresBuild: true
    dev: true
    optional: true

  /@speedy-js/esbuild-sunos-64/0.14.28-speedy-1:
    resolution: {integrity: sha512-pua0qUbfWu294Z/z5tyOkhJCaomdenUS2Fe32P2sCu+lGKFxdT/aTPFlGkcCvCtM8yNEY5hNKJW+fypgJcZ+cw==}
    engines: {node: '>=12'}
    cpu: [x64]
    os: [sunos]
    requiresBuild: true
    dev: true
    optional: true

  /@speedy-js/esbuild-windows-32/0.14.28-speedy-1:
    resolution: {integrity: sha512-asjtzX47nrBd1qkI5hCuri1yHy5ioK2dZfSbJ48OZP/bQ4EX1CmvifVHyvpoCELDoru/OchYNoBXKwDb6Pc89A==}
    engines: {node: '>=12'}
    cpu: [ia32]
    os: [win32]
    requiresBuild: true
    dev: true
    optional: true

  /@speedy-js/esbuild-windows-64/0.14.28-speedy-1:
    resolution: {integrity: sha512-4fMiSBGDx+snYxQJO3Ia6F3hK/ZUGxAs+sh940B08Ud3mhDcRLguy9Dt8VLLLrVc1alUCezEYiYV6U8mzapSeA==}
    engines: {node: '>=12'}
    cpu: [x64]
    os: [win32]
    requiresBuild: true
    dev: true
    optional: true

  /@speedy-js/esbuild-windows-arm64/0.14.28-speedy-1:
    resolution: {integrity: sha512-slwOWnMaEiw7RZ9WgbxqLMp/bIBRVFg+G63st64l5EwRRj8m3ILR0ATvlY2LPSOC5ip6LW2XKxAYH5iLG0fQUg==}
    engines: {node: '>=12'}
    cpu: [arm64]
    os: [win32]
    requiresBuild: true
    dev: true
    optional: true

  /@speedy-js/esbuild/0.14.28-speedy-1:
    resolution: {integrity: sha512-KMXUsz+ohnEFi8REmIE5RL32A4U2STqmsdoiuPLtWGWpurZeMZ0uVqNt9YtB8QiwQPx3sB/XHsstsH2X/DEkWA==}
    engines: {node: '>=12'}
    hasBin: true
    requiresBuild: true
    optionalDependencies:
      '@speedy-js/esbuild-android-64': 0.14.28-speedy-1
      '@speedy-js/esbuild-android-arm64': 0.14.28-speedy-1
      '@speedy-js/esbuild-darwin-64': 0.14.28-speedy-1
      '@speedy-js/esbuild-darwin-arm64': 0.14.28-speedy-1
      '@speedy-js/esbuild-freebsd-64': 0.14.28-speedy-1
      '@speedy-js/esbuild-freebsd-arm64': 0.14.28-speedy-1
      '@speedy-js/esbuild-linux-32': 0.14.28-speedy-1
      '@speedy-js/esbuild-linux-64': 0.14.28-speedy-1
      '@speedy-js/esbuild-linux-arm': 0.14.28-speedy-1
      '@speedy-js/esbuild-linux-arm64': 0.14.28-speedy-1
      '@speedy-js/esbuild-linux-mips64le': 0.14.28-speedy-1
      '@speedy-js/esbuild-linux-ppc64le': 0.14.28-speedy-1
      '@speedy-js/esbuild-linux-riscv64': 0.14.28-speedy-1
      '@speedy-js/esbuild-linux-s390x': 0.14.28-speedy-1
      '@speedy-js/esbuild-netbsd-64': 0.14.28-speedy-1
      '@speedy-js/esbuild-openbsd-64': 0.14.28-speedy-1
      '@speedy-js/esbuild-sunos-64': 0.14.28-speedy-1
      '@speedy-js/esbuild-windows-32': 0.14.28-speedy-1
      '@speedy-js/esbuild-windows-64': 0.14.28-speedy-1
      '@speedy-js/esbuild-windows-arm64': 0.14.28-speedy-1
    dev: true

  /@speedy-js/source-map-android-arm-eabi/0.1.3:
    resolution: {integrity: sha512-up6h+Lv0Sh3ZVG5vfmeaNrVEhZU+Q3XbimZYCkkp2LEAS/e/UOpyz3qelxf2OAWJET0rEYFgvRZUWr3fEvE7vw==}
    engines: {node: '>= 10'}
    cpu: [arm]
    os: [android]
    requiresBuild: true
    dev: true
    optional: true

  /@speedy-js/source-map-android-arm64/0.1.3:
    resolution: {integrity: sha512-afByHjzaqzRSco9FR3/sDJiFcYsKlHT1YYiwdo+RXtYFd6mhCFlhpqrcKlNi7STQohP79458iV82ooV7AlKAhA==}
    engines: {node: '>= 10'}
    cpu: [arm64]
    os: [android]
    requiresBuild: true
    dev: true
    optional: true

  /@speedy-js/source-map-darwin-arm64/0.1.3:
    resolution: {integrity: sha512-uu2bauwS8/WfTd6wG9bRuNTOLMxGHUzlJGvTaIBSR0E6JmiyR8xkVcRHNeh3MbhdcJxKcPbTA64kmmearkdTxA==}
    engines: {node: '>= 10'}
    cpu: [arm64]
    os: [darwin]
    requiresBuild: true
    dev: true
    optional: true

  /@speedy-js/source-map-darwin-x64/0.1.3:
    resolution: {integrity: sha512-cFO8mNncbI7v0ZT0EKMr5NoqRM2tGJ4IZoRrIeREY4+c1vcJcekrMKHD/q8CvaLlXIeTR6Do73gLjmcUIcyzzg==}
    engines: {node: '>= 10'}
    cpu: [x64]
    os: [darwin]
    requiresBuild: true
    dev: true
    optional: true

  /@speedy-js/source-map-freebsd-x64/0.1.3:
    resolution: {integrity: sha512-6HyJv2rbEsXZxi+mfZtVBBFlj2Gn6neZejYpC6fXEqBO5SYs0JmkXqf2gs3Sx509RqsNOunFC/EaSIG66/eN5g==}
    engines: {node: '>= 10'}
    cpu: [x64]
    os: [freebsd]
    requiresBuild: true
    dev: true
    optional: true

  /@speedy-js/source-map-linux-arm-gnueabihf/0.1.3:
    resolution: {integrity: sha512-oMp8s2qyKSZMhIsWBR4aZlmIJhEHW8PvCDmt0z2aIt1whdlcCZ8Qul1Lxb66MFg+wPKHsZKK/2GUpE3eACYc+A==}
    engines: {node: '>= 10'}
    cpu: [arm]
    os: [linux]
    requiresBuild: true
    dev: true
    optional: true

  /@speedy-js/source-map-linux-arm64-gnu/0.1.3:
    resolution: {integrity: sha512-zPovamZqFrDsLoOTwa5vWRqWhLoS/gDptMoUx52pCU/1USShbCboeFyuXAkoe4YbFSPvr7hzfiMvxeTjzPk/Nw==}
    engines: {node: '>= 10'}
    cpu: [arm64]
    os: [linux]
    requiresBuild: true
    dev: true
    optional: true

  /@speedy-js/source-map-linux-arm64-musl/0.1.3:
    resolution: {integrity: sha512-IQYK0p4fAJnn8h/+WgAC1gIrhJ4ySa1ajMqVNpk9i4MVQ2dUe6QVms4Jfrl5Qd9DU0QXYrLV7FLX+27ZCNEitg==}
    engines: {node: '>= 10'}
    cpu: [arm64]
    os: [linux]
    requiresBuild: true
    dev: true
    optional: true

  /@speedy-js/source-map-linux-x64-gnu/0.1.3:
    resolution: {integrity: sha512-QLkW+OA4S0h6fM5AZpJzcANE7J9rq5ZgyG5HF5etBu343Ybzl/hgFsAjkTD+CQr09+5PYYvzW5bsiHspePftJw==}
    engines: {node: '>= 10'}
    cpu: [x64]
    os: [linux]
    requiresBuild: true
    dev: true
    optional: true

  /@speedy-js/source-map-linux-x64-musl/0.1.3:
    resolution: {integrity: sha512-J11Hskc7gCOx/D/CognBoiAXdKHKV9Z6BLFX5nEL7B0co2veL4ligs3VYrL/Uoy2+UiLv12Mx9x+smkvMyZnRQ==}
    engines: {node: '>= 10'}
    cpu: [x64]
    os: [linux]
    requiresBuild: true
    dev: true
    optional: true

  /@speedy-js/source-map-win32-arm64-msvc/0.1.3:
    resolution: {integrity: sha512-aVFB1MAb+JgwMDwWmRoPTklqM+q/boVqyVVZQjge1h/lCKZgWgl54/JtZTKCOL/yd+aURaV0UxcytqVRMWPubA==}
    engines: {node: '>= 10'}
    cpu: [arm64]
    os: [win32]
    requiresBuild: true
    dev: true
    optional: true

  /@speedy-js/source-map-win32-ia32-msvc/0.1.3:
    resolution: {integrity: sha512-DwHAdnypIKOqoqMvA+qf9YBcfknc6+P7keV3nWThS8YmYg1EcxVju312GCcp3I1SWoLXYMi8j5pDD+3EnSZl2w==}
    engines: {node: '>= 10'}
    cpu: [ia32]
    os: [win32]
    requiresBuild: true
    dev: true
    optional: true

  /@speedy-js/source-map-win32-x64-msvc/0.1.3:
    resolution: {integrity: sha512-bfSrS/C+kMbOlSxaGbTBBXljEsTz8/dEqRWw2sz3W8r1e6VWnkl+N0Xd/dAWu9SpN3G/tt8hLA4xsdq0aujNHA==}
    engines: {node: '>= 10'}
    cpu: [x64]
    os: [win32]
    requiresBuild: true
    dev: true
    optional: true

  /@speedy-js/source-map/0.1.3:
    resolution: {integrity: sha512-kFebUqtFwVRDy6m5VbEN9i/ket7p7Cc38wy1Sfb8LTA/jiwhaKrhZ8ir2+lAO3nctymvxobvOI6t2kC9LlaxVA==}
    engines: {node: '>= 10'}
    optionalDependencies:
      '@speedy-js/source-map-android-arm-eabi': 0.1.3
      '@speedy-js/source-map-android-arm64': 0.1.3
      '@speedy-js/source-map-darwin-arm64': 0.1.3
      '@speedy-js/source-map-darwin-x64': 0.1.3
      '@speedy-js/source-map-freebsd-x64': 0.1.3
      '@speedy-js/source-map-linux-arm-gnueabihf': 0.1.3
      '@speedy-js/source-map-linux-arm64-gnu': 0.1.3
      '@speedy-js/source-map-linux-arm64-musl': 0.1.3
      '@speedy-js/source-map-linux-x64-gnu': 0.1.3
      '@speedy-js/source-map-linux-x64-musl': 0.1.3
      '@speedy-js/source-map-win32-arm64-msvc': 0.1.3
      '@speedy-js/source-map-win32-ia32-msvc': 0.1.3
      '@speedy-js/source-map-win32-x64-msvc': 0.1.3
    dev: true

  /@speedy-js/speedy-config-loader/0.13.0:
    resolution: {integrity: sha512-51y24HSywERxZyDugDkW7OFdHjyliAeSrTUk/E0p5fEx+EQCGvQqz54MSPewUMX3ZGaA/or8iNKR+JtrgWsxVg==}
    dev: true

  /@speedy-js/speedy-core/0.13.0:
    resolution: {integrity: sha512-pdlR3hGnbt6705CBMpUwpQUfXVT1+mb07zt1+/FmDYm5jx5yFvtzVRZHcLljJkIHxr3kIPx7ti027C0COAm1LA==}
    hasBin: true
    dependencies:
      '@prebundle/detect-port': 1.3.1
      '@speedy-js/esbuild': 0.14.28-speedy-1
      '@speedy-js/source-map': 0.1.3
      '@speedy-js/speedy-config-loader': 0.13.0
      '@speedy-js/speedy-diagnostic': 0.13.0
      '@speedy-js/speedy-utils': 0.13.0
      esbuild: 0.14.28
    dev: true

  /@speedy-js/speedy-diagnostic/0.13.0:
    resolution: {integrity: sha512-Ak4x1d/+Cmp/goBFoVP69deFFaxUz8QkCYdP0KsAuhJBzk1UFPfAvj2VFdbkhkmF/h+tz3tC7wGbtztDlEBcGA==}
    dependencies:
      '@speedy-js/speedy-types': 0.13.0
    dev: true

  /@speedy-js/speedy-types/0.13.0:
    resolution: {integrity: sha512-/o1nKmia9RV/Thq69H07O9MO61g4r7vhHm+xnCGcaN315/gdd9FpyZGaXWgd27zZz4KQe9mMcY3tGyA1PN0Jnw==}
    dev: true

  /@speedy-js/speedy-utils/0.13.0:
    resolution: {integrity: sha512-oOyejGJQ1smy+fpZjvoEorkQSdYF1xwX2Q57eOvCRbaga4tmdooUBqZ8AlEc/JOnV70pM6bHn1+2J3RnxGprkQ==}
    dev: true

  /esbuild-android-64/0.14.28:
    resolution: {integrity: sha512-A52C3zq+9tNwCqZ+4kVLBxnk/WnrYM8P2+QNvNE9B6d2OVPs214lp3g6UyO+dKDhUdefhfPCuwkP8j2A/+szNA==}
    engines: {node: '>=12'}
    cpu: [x64]
    os: [android]
    requiresBuild: true
    dev: true
    optional: true

  /esbuild-android-arm64/0.14.28:
    resolution: {integrity: sha512-sm0fDEGElZhMC3HLZeECI2juE4aG7uPfMBMqNUhy9CeX399Pz8rC6e78OXMXInGjSdEAwQmCOHmfsP7uv3Q8rA==}
    engines: {node: '>=12'}
    cpu: [arm64]
    os: [android]
    requiresBuild: true
    dev: true
    optional: true

  /esbuild-darwin-64/0.14.28:
    resolution: {integrity: sha512-nzDd7mQ44FvsFHtOafZdBgn3Li5SMsnMnoz1J2MM37xJmR3wGNTFph88KypjHgWqwbxCI7MXS1U+sN4qDeeW6Q==}
    engines: {node: '>=12'}
    cpu: [x64]
    os: [darwin]
    requiresBuild: true
    dev: true
    optional: true

  /esbuild-darwin-arm64/0.14.28:
    resolution: {integrity: sha512-XEq/bLR/glsUl+uGrBimQzOVs/CmwI833fXUhP9xrLI3IJ+rKyrZ5IA8u+1crOEf1LoTn8tV+hInmX6rGjbScw==}
    engines: {node: '>=12'}
    cpu: [arm64]
    os: [darwin]
    requiresBuild: true
    dev: true
    optional: true

  /esbuild-freebsd-64/0.14.28:
    resolution: {integrity: sha512-rTKLgUj/HEcPeE5XZ7IZwWpFx7IWMfprN7QRk/TUJE1s1Ipb58esboIesUpjirJz/BwrgHq+FDG9ChAI8dZAtQ==}
    engines: {node: '>=12'}
    cpu: [x64]
    os: [freebsd]
    requiresBuild: true
    dev: true
    optional: true

  /esbuild-freebsd-arm64/0.14.28:
    resolution: {integrity: sha512-sBffxD1UMOsB7aWMoExmipycjcy3HJGwmqE4GQZUTZvdiH4GhjgUiVdtPyt7kSCdL40JqnWQJ4b1l8Y51oCF4Q==}
    engines: {node: '>=12'}
    cpu: [arm64]
    os: [freebsd]
    requiresBuild: true
    dev: true
    optional: true

  /esbuild-linux-32/0.14.28:
    resolution: {integrity: sha512-+Wxidh3fBEQ9kHcCsD4etlBTMb1n6QY2uXv3rFhVn88CY/JP782MhA57/ipLMY4kOLeSKEuFGN4rtjHuhmRMig==}
    engines: {node: '>=12'}
    cpu: [ia32]
    os: [linux]
    requiresBuild: true
    dev: true
    optional: true

  /esbuild-linux-64/0.14.28:
    resolution: {integrity: sha512-7+xgsC4LvR6cnzaBdiljNnPDjbkwzahogN+S9uy9AoYw7ZjPnnXc6sjQAVCbqGb7MEgrWdpa6u/Tao79i4lWxg==}
    engines: {node: '>=12'}
    cpu: [x64]
    os: [linux]
    requiresBuild: true
    dev: true
    optional: true

  /esbuild-linux-arm/0.14.28:
    resolution: {integrity: sha512-L5isjmlLbh9E0WVllXiVETbScgMbth/+XkXQii1WwgO1RvLIfaGrVFz8d2n6EH/ImtgYxPYGx+OcvIKQBc91Rg==}
    engines: {node: '>=12'}
    cpu: [arm]
    os: [linux]
    requiresBuild: true
    dev: true
    optional: true

  /esbuild-linux-arm64/0.14.28:
    resolution: {integrity: sha512-EjRHgwg+kgXABzyoPGPOPg4d5wZqRnZ/ZAxBDzLY+i6DS8OUfTSlZHWIOZzU4XF7125WxRBg9ULbrFJBl+57Eg==}
    engines: {node: '>=12'}
    cpu: [arm64]
    os: [linux]
    requiresBuild: true
    dev: true
    optional: true

  /esbuild-linux-mips64le/0.14.28:
    resolution: {integrity: sha512-krx9SSg7yfiUKk64EmjefOyiEF6nv2bRE4um/LiTaQ6Y/6FP4UF3/Ou/AxZVyR154uSRq63xejcAsmswXAYRsw==}
    engines: {node: '>=12'}
    cpu: [mips64el]
    os: [linux]
    requiresBuild: true
    dev: true
    optional: true

  /esbuild-linux-ppc64le/0.14.28:
    resolution: {integrity: sha512-LD0Xxu9g+DNuhsEBV5QuVZ4uKVBMup0xPIruLweuAf9/mHXFnaCuNXUBF5t0DxKl7GQ5MSioKtnb92oMo+QXEw==}
    engines: {node: '>=12'}
    cpu: [ppc64]
    os: [linux]
    requiresBuild: true
    dev: true
    optional: true

  /esbuild-linux-riscv64/0.14.28:
    resolution: {integrity: sha512-L/DWfRh2P0vxq4Y+qieSNXKGdMg+e9Qe8jkbN2/8XSGYDTPzO2OcAxSujob4qIh7iSl+cknbXV+BvH0YFR0jbg==}
    engines: {node: '>=12'}
    cpu: [riscv64]
    os: [linux]
    requiresBuild: true
    dev: true
    optional: true

  /esbuild-linux-s390x/0.14.28:
    resolution: {integrity: sha512-rrgxmsbmL8QQknWGnAL9bGJRQYLOi2AzXy5OTwfhxnj9eqjo5mSVbJXjgiq5LPUAMQZGdPH5yaNK0obAXS81Zw==}
    engines: {node: '>=12'}
    cpu: [s390x]
    os: [linux]
    requiresBuild: true
    dev: true
    optional: true

  /esbuild-netbsd-64/0.14.28:
    resolution: {integrity: sha512-h8wntIyOR8/xMVVM6TvJxxWKh4AjmLK87IPKpuVi8Pq0kyk0RMA+eo4PFGk5j2XK0D7dj8PcSF5NSlP9kN/j0A==}
    engines: {node: '>=12'}
    cpu: [x64]
    os: [netbsd]
    requiresBuild: true
    dev: true
    optional: true

  /esbuild-openbsd-64/0.14.28:
    resolution: {integrity: sha512-HBv18rVapbuDx52/fhZ/c/w6TXyaQAvRxiDDn5Hz/pBcwOs3cdd2WxeIKlWmDoqm2JMx5EVlq4IWgoaRX9mVkw==}
    engines: {node: '>=12'}
    cpu: [x64]
    os: [openbsd]
    requiresBuild: true
    dev: true
    optional: true

  /esbuild-sunos-64/0.14.28:
    resolution: {integrity: sha512-zlIxePhZxKYheR2vBCgPVvTixgo/ozOfOMoP6RZj8dxzquU1NgeyhjkcRXucbLCtmoNJ+i4PtWwPZTLuDd3bGg==}
    engines: {node: '>=12'}
    cpu: [x64]
    os: [sunos]
    requiresBuild: true
    dev: true
    optional: true

  /esbuild-windows-32/0.14.28:
    resolution: {integrity: sha512-am9DIJxXlld1BOAY/VlvBQHMUCPL7S3gB/lnXIY3M4ys0gfuRqPf4EvMwZMzYUbFKBY+/Qb8SRgPRRGhwnJ8Kg==}
    engines: {node: '>=12'}
    cpu: [ia32]
    os: [win32]
    requiresBuild: true
    dev: true
    optional: true

  /esbuild-windows-64/0.14.28:
    resolution: {integrity: sha512-78PhySDnmRZlsPNp/W/5Fim8iivlBQQxfhBFIqR7xwvfDmCFUSByyMKP7LCHgNtb04yNdop8nJJkJaQ8Xnwgiw==}
    engines: {node: '>=12'}
    cpu: [x64]
    os: [win32]
    requiresBuild: true
    dev: true
    optional: true

  /esbuild-windows-arm64/0.14.28:
    resolution: {integrity: sha512-VhXGBTo6HELD8zyHXynV6+L2jWx0zkKnGx4TmEdSBK7UVFACtOyfUqpToG0EtnYyRZ0HESBhzPSVpP781ovmvA==}
    engines: {node: '>=12'}
    cpu: [arm64]
    os: [win32]
    requiresBuild: true
    dev: true
    optional: true

  /esbuild/0.14.28:
    resolution: {integrity: sha512-YLNprkCcMVKQ5sekmCKEQ3Obu/L7s6+iij38xNKyBeSmSsTWur4Ky/9zB3XIGT8SCJITG/bZwAR2l7YOAXch4Q==}
    engines: {node: '>=12'}
    hasBin: true
    requiresBuild: true
    optionalDependencies:
      esbuild-android-64: 0.14.28
      esbuild-android-arm64: 0.14.28
      esbuild-darwin-64: 0.14.28
      esbuild-darwin-arm64: 0.14.28
      esbuild-freebsd-64: 0.14.28
      esbuild-freebsd-arm64: 0.14.28
      esbuild-linux-32: 0.14.28
      esbuild-linux-64: 0.14.28
      esbuild-linux-arm: 0.14.28
      esbuild-linux-arm64: 0.14.28
      esbuild-linux-mips64le: 0.14.28
      esbuild-linux-ppc64le: 0.14.28
      esbuild-linux-riscv64: 0.14.28
      esbuild-linux-s390x: 0.14.28
      esbuild-netbsd-64: 0.14.28
      esbuild-openbsd-64: 0.14.28
      esbuild-sunos-64: 0.14.28
      esbuild-windows-32: 0.14.28
      esbuild-windows-64: 0.14.28
      esbuild-windows-arm64: 0.14.28
    dev: true
